
Microsoft Visual Studio Solution File, Format Version 12.00
# Visual Studio Version 17
VisualStudioVersion = 17.4.33213.308
MinimumVisualStudioVersion = 10.0.40219.1
Project("{FAE04EC0-301F-11D3-BF4B-00C04F79EFBC}") = "Multifunzione", "Multifunzione\Multifunzione.csproj", "{10A0F5BA-3302-4AC5-819B-1296B85A848B}"
EndProject
Global
	GlobalSection(SolutionConfigurationPlatforms) = preSolution
		Debug|Any CPU = Debug|Any CPU
		Release|Any CPU = Release|Any CPU
	EndGlobalSection
	GlobalSection(ProjectConfigurationPlatforms) = postSolution
		{10A0F5BA-3302-4AC5-819B-1296B85A848B}.Debug|Any CPU.ActiveCfg = Debug|Any CPU
		{10A0F5BA-3302-4AC5-819B-1296B85A848B}.Debug|Any CPU.Build.0 = Debug|Any CPU
		{10A0F5BA-3302-4AC5-819B-1296B85A848B}.Release|Any CPU.ActiveCfg = Release|Any CPU
		{10A0F5BA-3302-4AC5-819B-1296B85A848B}.Release|Any CPU.Build.0 = Release|Any CPU
	EndGlobalSection
	GlobalSection(SolutionProperties) = preSolution
		HideSolutionNode = FALSE
	EndGlobalSection
	GlobalSection(ExtensibilityGlobals) = postSolution
		SolutionGuid = {F5C0440D-71BE-482A-9E92-FE56BD68C91E}
	EndGlobalSection
EndGlobal
